// !$*UTF8*$!
{
	archiveVersion = 1;
	classes = {
	};
	objectVersion = 46;
	objects = {

/* Begin PBXBuildFile section */
		CACE420D1A3156C100F0A04E /* AppDelegate.swift in Sources */ = {isa = PBXBuildFile; fileRef = CACE420C1A3156C100F0A04E /* AppDelegate.swift */; };
		CACE420F1A3156C100F0A04E /* MasterViewController.swift in Sources */ = {isa = PBXBuildFile; fileRef = CACE420E1A3156C100F0A04E /* MasterViewController.swift */; };
		CACE42111A3156C100F0A04E /* DetailViewController.swift in Sources */ = {isa = PBXBuildFile; fileRef = CACE42101A3156C100F0A04E /* DetailViewController.swift */; };
		CACE42141A3156C100F0A04E /* Main.storyboard in Resources */ = {isa = PBXBuildFile; fileRef = CACE42121A3156C100F0A04E /* Main.storyboard */; };
		CACE42161A3156C100F0A04E /* Images.xcassets in Resources */ = {isa = PBXBuildFile; fileRef = CACE42151A3156C100F0A04E /* Images.xcassets */; };
		CACE42191A3156C100F0A04E /* LaunchScreen.xib in Resources */ = {isa = PBXBuildFile; fileRef = CACE42171A3156C100F0A04E /* LaunchScreen.xib */; };
		CACE42251A3156C200F0A04E /* sampleTests.swift in Sources */ = {isa = PBXBuildFile; fileRef = CACE42241A3156C200F0A04E /* sampleTests.swift */; };
/* End PBXBuildFile section */

/* Begin PBXContainerItemProxy section */
		CACE421F1A3156C100F0A04E /* PBXContainerItemProxy */ = {
			isa = PBXContainerItemProxy;
			containerPortal = CACE41FF1A3156C100F0A04E /* Project object */;
			proxyType = 1;
			remoteGlobalIDString = CACE42061A3156C100F0A04E;
			remoteInfo = sample;
		};
/* End PBXContainerItemProxy section */

/* Begin PBXFileReference section */
		CACE42071A3156C100F0A04E /* sample.app */ = {isa = PBXFileReference; explicitFileType = wrapper.application; includeInIndex = 0; path = sample.app; sourceTree = BUILT_PRODUCTS_DIR; };
		CACE420B1A3156C100F0A04E /* Info.plist */ = {isa = PBXFileReference; lastKnownFileType = text.plist.xml; path = Info.plist; sourceTree = "<group>"; };
		CACE420C1A3156C100F0A04E /* AppDelegate.swift */ = {isa = PBXFileReference; lastKnownFileType = sourcecode.swift; path = AppDelegate.swift; sourceTree = "<group>"; };
		CACE420E1A3156C100F0A04E /* MasterViewController.swift */ = {isa = PBXFileReference; lastKnownFileType = sourcecode.swift; path = MasterViewController.swift; sourceTree = "<group>"; };
		CACE42101A3156C100F0A04E /* DetailViewController.swift */ = {isa = PBXFileReference; lastKnownFileType = sourcecode.swift; path = DetailViewController.swift; sourceTree = "<group>"; };
		CACE42131A3156C100F0A04E /* Base */ = {isa = PBXFileReference; lastKnownFileType = file.storyboard; name = Base; path = Base.lproj/Main.storyboard; sourceTree = "<group>"; };
		CACE42151A3156C100F0A04E /* Images.xcassets */ = {isa = PBXFileReference; lastKnownFileType = folder.assetcatalog; path = Images.xcassets; sourceTree = "<group>"; };
		CACE42181A3156C100F0A04E /* Base */ = {isa = PBXFileReference; lastKnownFileType = file.xib; name = Base; path = Base.lproj/LaunchScreen.xib; sourceTree = "<group>"; };
		CACE421E1A3156C100F0A04E /* sampleTests.xctest */ = {isa = PBXFileReference; explicitFileType = wrapper.cfbundle; includeInIndex = 0; path = sampleTests.xctest; sourceTree = BUILT_PRODUCTS_DIR; };
		CACE42231A3156C100F0A04E /* Info.plist */ = {isa = PBXFileReference; lastKnownFileType = text.plist.xml; path = Info.plist; sourceTree = "<group>"; };
		CACE42241A3156C200F0A04E /* sampleTests.swift */ = {isa = PBXFileReference; lastKnownFileType = sourcecode.swift; path = sampleTests.swift; sourceTree = "<group>"; };
/* End PBXFileReference section */

/* Begin PBXFrameworksBuildPhase section */
		CACE42041A3156C100F0A04E /* Frameworks */ = {
			isa = PBXFrameworksBuildPhase;
			buildActionMask = 2147483647;
			files = (
			);
			runOnlyForDeploymentPostprocessing = 0;
		};
		CACE421B1A3156C100F0A04E /* Frameworks */ = {
			isa = PBXFrameworksBuildPhase;
			buildActionMask = 2147483647;
			files = (
			);
			runOnlyForDeploymentPostprocessing = 0;
		};
/* End PBXFrameworksBuildPhase section */

/* Begin PBXGroup section */
		CACE41FE1A3156C100F0A04E = {
			isa = PBXGroup;
			children = (
				CACE42091A3156C100F0A04E /* sample */,
				CACE42211A3156C100F0A04E /* sampleTests */,
				CACE42081A3156C100F0A04E /* Products */,
			);
			sourceTree = "<group>";
		};
		CACE42081A3156C100F0A04E /* Products */ = {
			isa = PBXGroup;
			children = (
				CACE42071A3156C100F0A04E /* sample.app */,
				CACE421E1A3156C100F0A04E /* sampleTests.xctest */,
			);
			name = Products;
			sourceTree = "<group>";
		};
		CACE42091A3156C100F0A04E /* sample */ = {
			isa = PBXGroup;
			children = (
				CACE420C1A3156C100F0A04E /* AppDelegate.swift */,
				CACE420E1A3156C100F0A04E /* MasterViewController.swift */,
				CACE42101A3156C100F0A04E /* DetailViewController.swift */,
				CACE42121A3156C100F0A04E /* Main.storyboard */,
				CACE42151A3156C100F0A04E /* Images.xcassets */,
				CACE42171A3156C100F0A04E /* LaunchScreen.xib */,
				CACE420A1A3156C100F0A04E /* Supporting Files */,
			);
			path = sample;
			sourceTree = "<group>";
		};
		CACE420A1A3156C100F0A04E /* Supporting Files */ = {
			isa = PBXGroup;
			children = (
				CACE420B1A3156C100F0A04E /* Info.plist */,
			);
			name = "Supporting Files";
			sourceTree = "<group>";
		};
		CACE42211A3156C100F0A04E /* sampleTests */ = {
			isa = PBXGroup;
			children = (
				CACE42241A3156C200F0A04E /* sampleTests.swift */,
				CACE42221A3156C100F0A04E /* Supporting Files */,
			);
			path = sampleTests;
			sourceTree = "<group>";
		};
		CACE42221A3156C100F0A04E /* Supporting Files */ = {
			isa = PBXGroup;
			children = (
				CACE42231A3156C100F0A04E /* Info.plist */,
			);
			name = "Supporting Files";
			sourceTree = "<group>";
		};
/* End PBXGroup section */

/* Begin PBXNativeTarget section */
		CACE42061A3156C100F0A04E /* sample */ = {
			isa = PBXNativeTarget;
			buildConfigurationList = CACE42281A3156C200F0A04E /* Build configuration list for PBXNativeTarget "sample" */;
			buildPhases = (
				CACE42031A3156C100F0A04E /* Sources */,
				CACE42041A3156C100F0A04E /* Frameworks */,
				CACE42051A3156C100F0A04E /* Resources */,
			);
			buildRules = (
			);
			dependencies = (
			);
			name = sample;
			productName = sample;
			productReference = CACE42071A3156C100F0A04E /* sample.app */;
			productType = "com.apple.product-type.application";
		};
		CACE421D1A3156C100F0A04E /* sampleTests */ = {
			isa = PBXNativeTarget;
			buildConfigurationList = CACE422B1A3156C200F0A04E /* Build configuration list for PBXNativeTarget "sampleTests" */;
			buildPhases = (
				CACE421A1A3156C100F0A04E /* Sources */,
				CACE421B1A3156C100F0A04E /* Frameworks */,
				CACE421C1A3156C100F0A04E /* Resources */,
			);
			buildRules = (
			);
			dependencies = (
				CACE42201A3156C100F0A04E /* PBXTargetDependency */,
			);
			name = sampleTests;
			productName = sampleTests;
			productReference = CACE421E1A3156C100F0A04E /* sampleTests.xctest */;
			productType = "com.apple.product-type.bundle.unit-test";
		};
/* End PBXNativeTarget section */

/* Begin PBXProject section */
		CACE41FF1A3156C100F0A04E /* Project object */ = {
			isa = PBXProject;
			attributes = {
				LastUpgradeCheck = 0610;
				ORGANIZATIONNAME = "Roger Yee";
				TargetAttributes = {
					CACE42061A3156C100F0A04E = {
						CreatedOnToolsVersion = 6.1;
					};
					CACE421D1A3156C100F0A04E = {
						CreatedOnToolsVersion = 6.1;
						TestTargetID = CACE42061A3156C100F0A04E;
					};
				};
			};
			buildConfigurationList = CACE42021A3156C100F0A04E /* Build configuration list for PBXProject "sample" */;
			compatibilityVersion = "Xcode 3.2";
			developmentRegion = English;
			hasScannedForEncodings = 0;
			knownRegions = (
				en,
				Base,
			);
			mainGroup = CACE41FE1A3156C100F0A04E;
			productRefGroup = CACE42081A3156C100F0A04E /* Products */;
			projectDirPath = "";
			projectRoot = "";
			targets = (
				CACE42061A3156C100F0A04E /* sample */,
				CACE421D1A3156C100F0A04E /* sampleTests */,
			);
		};
/* End PBXProject section */

/* Begin PBXResourcesBuildPhase section */
		CACE42051A3156C100F0A04E /* Resources */ = {
			isa = PBXResourcesBuildPhase;
			buildActionMask = 2147483647;
			files = (
				CACE42141A3156C100F0A04E /* Main.storyboard in Resources */,
				CACE42191A3156C100F0A04E /* LaunchScreen.xib in Resources */,
				CACE42161A3156C100F0A04E /* Images.xcassets in Resources */,
			);
			runOnlyForDeploymentPostprocessing = 0;
		};
		CACE421C1A3156C100F0A04E /* Resources */ = {
			isa = PBXResourcesBuildPhase;
			buildActionMask = 2147483647;
			files = (
			);
			runOnlyForDeploymentPostprocessing = 0;
		};
/* End PBXResourcesBuildPhase section */

/* Begin PBXSourcesBuildPhase section */
		CACE42031A3156C100F0A04E /* Sources */ = {
			isa = PBXSourcesBuildPhase;
			buildActionMask = 2147483647;
			files = (
				CACE42111A3156C100F0A04E /* DetailViewController.swift in Sources */,
				CACE420F1A3156C100F0A04E /* MasterViewController.swift in Sources */,
				CACE420D1A3156C100F0A04E /* AppDelegate.swift in Sources */,
			);
			runOnlyForDeploymentPostprocessing = 0;
		};
		CACE421A1A3156C100F0A04E /* Sources */ = {
			isa = PBXSourcesBuildPhase;
			buildActionMask = 2147483647;
			files = (
				CACE42251A3156C200F0A04E /* sampleTests.swift in Sources */,
			);
			runOnlyForDeploymentPostprocessing = 0;
		};
/* End PBXSourcesBuildPhase section */

/* Begin PBXTargetDependency section */
		CACE42201A3156C100F0A04E /* PBXTargetDependency */ = {
			isa = PBXTargetDependency;
			target = CACE42061A3156C100F0A04E /* sample */;
			targetProxy = CACE421F1A3156C100F0A04E /* PBXContainerItemProxy */;
		};
/* End PBXTargetDependency section */

/* Begin PBXVariantGroup section */
		CACE42121A3156C100F0A04E /* Main.storyboard */ = {
			isa = PBXVariantGroup;
			children = (
				CACE42131A3156C100F0A04E /* Base */,
			);
			name = Main.storyboard;
			sourceTree = "<group>";
		};
		CACE42171A3156C100F0A04E /* LaunchScreen.xib */ = {
			isa = PBXVariantGroup;
			children = (
				CACE42181A3156C100F0A04E /* Base */,
			);
			name = LaunchScreen.xib;
			sourceTree = "<group>";
		};
/* End PBXVariantGroup section */

/* Begin XCBuildConfiguration section */
		CACE42261A3156C200F0A04E /* Debug */ = {
			isa = XCBuildConfiguration;
			buildSettings = {
				ALWAYS_SEARCH_USER_PATHS = NO;
				CLANG_CXX_LANGUAGE_STANDARD = "gnu++0x";
				CLANG_CXX_LIBRARY = "libc++";
				CLANG_ENABLE_MODULES = YES;
				CLANG_ENABLE_OBJC_ARC = YES;
				CLANG_WARN_BOOL_CONVERSION = YES;
				CLANG_WARN_CONSTANT_CONVERSION = YES;
				CLANG_WARN_DIRECT_OBJC_ISA_USAGE = YES_ERROR;
				CLANG_WARN_EMPTY_BODY = YES;
				CLANG_WARN_ENUM_CONVERSION = YES;
				CLANG_WARN_INT_CONVERSION = YES;
				CLANG_WARN_OBJC_ROOT_CLASS = YES_ERROR;
				CLANG_WARN_UNREACHABLE_CODE = YES;
				CLANG_WARN__DUPLICATE_METHOD_MATCH = YES;
				"CODE_SIGN_IDENTITY[sdk=iphoneos*]" = "iPhone Developer";
				COPY_PHASE_STRIP = NO;
				ENABLE_STRICT_OBJC_MSGSEND = YES;
				GCC_C_LANGUAGE_STANDARD = gnu99;
				GCC_DYNAMIC_NO_PIC = NO;
				GCC_OPTIMIZATION_LEVEL = 0;
				GCC_PREPROCESSOR_DEFINITIONS = (
					"DEBUG=1",
					"$(inherited)",
				);
				GCC_SYMBOLS_PRIVATE_EXTERN = NO;
				GCC_WARN_64_TO_32_BIT_CONVERSION = YES;
				GCC_WARN_ABOUT_RETURN_TYPE = YES_ERROR;
				GCC_WARN_UNDECLARED_SELECTOR = YES;
				GCC_WARN_UNINITIALIZED_AUTOS = YES_AGGRESSIVE;
				GCC_WARN_UNUSED_FUNCTION = YES;
				GCC_WARN_UNUSED_VARIABLE = YES;
				IPHONEOS_DEPLOYMENT_TARGET = 8.1;
				MTL_ENABLE_DEBUG_INFO = YES;
				ONLY_ACTIVE_ARCH = YES;
				SDKROOT = iphoneos;
				SWIFT_OPTIMIZATION_LEVEL = "-Onone";
				TARGETED_DEVICE_FAMILY = "1,2";
			};
			name = Debug;
		};
		CACE42271A3156C200F0A04E /* Release */ = {
			isa = XCBuildConfiguration;
			buildSettings = {
				ALWAYS_SEARCH_USER_PATHS = NO;
				CLANG_CXX_LANGUAGE_STANDARD = "gnu++0x";
				CLANG_CXX_LIBRARY = "libc++";
				CLANG_ENABLE_MODULES = YES;
				CLANG_ENABLE_OBJC_ARC = YES;
				CLANG_WARN_BOOL_CONVERSION = YES;
				CLANG_WARN_CONSTANT_CONVERSION = YES;
				CLANG_WARN_DIRECT_OBJC_ISA_USAGE = YES_ERROR;
				CLANG_WARN_EMPTY_BODY = YES;
				CLANG_WARN_ENUM_CONVERSION = YES;
				CLANG_WARN_INT_CONVERSION = YES;
				CLANG_WARN_OBJC_ROOT_CLASS = YES_ERROR;
				CLANG_WARN_UNREACHABLE_CODE = YES;
				CLANG_WARN__DUPLICATE_METHOD_MATCH = YES;
				"CODE_SIGN_IDENTITY[sdk=iphoneos*]" = "iPhone Developer";
				COPY_PHASE_STRIP = YES;
				ENABLE_NS_ASSERTIONS = NO;
				ENABLE_STRICT_OBJC_MSGSEND = YES;
				GCC_C_LANGUAGE_STANDARD = gnu99;
				GCC_WARN_64_TO_32_BIT_CONVERSION = YES;
				GCC_WARN_ABOUT_RETURN_TYPE = YES_ERROR;
				GCC_WARN_UNDECLARED_SELECTOR = YES;
				GCC_WARN_UNINITIALIZED_AUTOS = YES_AGGRESSIVE;
				GCC_WARN_UNUSED_FUNCTION = YES;
				GCC_WARN_UNUSED_VARIABLE = YES;
				IPHONEOS_DEPLOYMENT_TARGET = 8.1;
				MTL_ENABLE_DEBUG_INFO = NO;
				SDKROOT = iphoneos;
				TARGETED_DEVICE_FAMILY = "1,2";
				VALIDATE_PRODUCT = YES;
			};
			name = Release;
		};
		CACE42291A3156C200F0A04E /* Debug */ = {
			isa = XCBuildConfiguration;
			buildSettings = {
				ASSETCATALOG_COMPILER_APPICON_NAME = AppIcon;
				INFOPLIST_FILE = sample/Info.plist;
				LD_RUNPATH_SEARCH_PATHS = "$(inherited) @executable_path/Frameworks";
				PRODUCT_NAME = "$(TARGET_NAME)";
			};
			name = Debug;
		};
		CACE422A1A3156C200F0A04E /* Release */ = {
			isa = XCBuildConfiguration;
			buildSettings = {
				ASSETCATALOG_COMPILER_APPICON_NAME = AppIcon;
				INFOPLIST_FILE = sample/Info.plist;
				LD_RUNPATH_SEARCH_PATHS = "$(inherited) @executable_path/Frameworks";
				PRODUCT_NAME = "$(TARGET_NAME)";
			};
			name = Release;
		};
		CACE422C1A3156C200F0A04E /* Debug */ = {
			isa = XCBuildConfiguration;
			buildSettings = {
				BUNDLE_LOADER = "$(TEST_HOST)";
				FRAMEWORK_SEARCH_PATHS = (
					"$(SDKROOT)/Developer/Library/Frameworks",
					"$(inherited)",
				);
				GCC_PREPROCESSOR_DEFINITIONS = (
					"DEBUG=1",
					"$(inherited)",
				);
				INFOPLIST_FILE = sampleTests/Info.plist;
				LD_RUNPATH_SEARCH_PATHS = "$(inherited) @executable_path/Frameworks @loader_path/Frameworks";
				PRODUCT_NAME = "$(TARGET_NAME)";
				TEST_HOST = "$(BUILT_PRODUCTS_DIR)/sample.app/sample";
			};
			name = Debug;
		};
		CACE422D1A3156C200F0A04E /* Release */ = {
			isa = XCBuildConfiguration;
			buildSettings = {
				BUNDLE_LOADER = "$(TEST_HOST)";
				FRAMEWORK_SEARCH_PATHS = (
					"$(SDKROOT)/Developer/Library/Frameworks",
					"$(inherited)",
				);
				INFOPLIST_FILE = sampleTests/Info.plist;
				LD_RUNPATH_SEARCH_PATHS = "$(inherited) @executable_path/Frameworks @loader_path/Frameworks";
				PRODUCT_NAME = "$(TARGET_NAME)";
				TEST_HOST = "$(BUILT_PRODUCTS_DIR)/sample.app/sample";
			};
			name = Release;
		};
/* End XCBuildConfiguration section */

/* Begin XCConfigurationList section */
		CACE42021A3156C100F0A04E /* Build configuration list for PBXProject "sample" */ = {
			isa = XCConfigurationList;
			buildConfigurations = (
				CACE42261A3156C200F0A04E /* Debug */,
				CACE42271A3156C200F0A04E /* Release */,
			);
			defaultConfigurationIsVisible = 0;
			defaultConfigurationName = Release;
		};
		CACE42281A3156C200F0A04E /* Build configuration list for PBXNativeTarget "sample" */ = {
			isa = XCConfigurationList;
			buildConfigurations = (
				CACE42291A3156C200F0A04E /* Debug */,
				CACE422A1A3156C200F0A04E /* Release */,
			);
			defaultConfigurationIsVisible = 0;
		};
		CACE422B1A3156C200F0A04E /* Build configuration list for PBXNativeTarget "sampleTests" */ = {
			isa = XCConfigurationList;
			buildConfigurations = (
				CACE422C1A3156C200F0A04E /* Debug */,
				CACE422D1A3156C200F0A04E /* Release */,
			);
			defaultConfigurationIsVisible = 0;
		};
/* End XCConfigurationList section */
	};
	rootObject = CACE41FF1A3156C100F0A04E /* Project object */;
}
