// !$*UTF8*$!
{
	archiveVersion = 1;
	classes = {
	};
	objectVersion = 46;
	objects = {

/* Begin PBXBuildFile section */
		CA0191D61AF883CB0084142C /* AppDelegate.swift in Sources */ = {isa = PBXBuildFile; fileRef = CA0191D51AF883CB0084142C /* AppDelegate.swift */; };
		CA0191D81AF883CB0084142C /* ViewController.swift in Sources */ = {isa = PBXBuildFile; fileRef = CA0191D71AF883CB0084142C /* ViewController.swift */; };
		CA0191DB1AF883CB0084142C /* Main.storyboard in Resources */ = {isa = PBXBuildFile; fileRef = CA0191D91AF883CB0084142C /* Main.storyboard */; };
		CA0191DD1AF883CB0084142C /* Images.xcassets in Resources */ = {isa = PBXBuildFile; fileRef = CA0191DC1AF883CB0084142C /* Images.xcassets */; };
		CA0191E01AF883CB0084142C /* LaunchScreen.xib in Resources */ = {isa = PBXBuildFile; fileRef = CA0191DE1AF883CB0084142C /* LaunchScreen.xib */; };
		CA0191EC1AF883CB0084142C /* ConstraintsSampleTests.swift in Sources */ = {isa = PBXBuildFile; fileRef = CA0191EB1AF883CB0084142C /* ConstraintsSampleTests.swift */; };
/* End PBXBuildFile section */

/* Begin PBXContainerItemProxy section */
		CA0191E61AF883CB0084142C /* PBXContainerItemProxy */ = {
			isa = PBXContainerItemProxy;
			containerPortal = CA0191C81AF883CB0084142C /* Project object */;
			proxyType = 1;
			remoteGlobalIDString = CA0191CF1AF883CB0084142C;
			remoteInfo = ConstraintsSample;
		};
/* End PBXContainerItemProxy section */

/* Begin PBXFileReference section */
		CA0191D01AF883CB0084142C /* ConstraintsSample.app */ = {isa = PBXFileReference; explicitFileType = wrapper.application; includeInIndex = 0; path = ConstraintsSample.app; sourceTree = BUILT_PRODUCTS_DIR; };
		CA0191D41AF883CB0084142C /* Info.plist */ = {isa = PBXFileReference; lastKnownFileType = text.plist.xml; path = Info.plist; sourceTree = "<group>"; };
		CA0191D51AF883CB0084142C /* AppDelegate.swift */ = {isa = PBXFileReference; lastKnownFileType = sourcecode.swift; path = AppDelegate.swift; sourceTree = "<group>"; };
		CA0191D71AF883CB0084142C /* ViewController.swift */ = {isa = PBXFileReference; lastKnownFileType = sourcecode.swift; path = ViewController.swift; sourceTree = "<group>"; };
		CA0191DA1AF883CB0084142C /* Base */ = {isa = PBXFileReference; lastKnownFileType = file.storyboard; name = Base; path = Base.lproj/Main.storyboard; sourceTree = "<group>"; };
		CA0191DC1AF883CB0084142C /* Images.xcassets */ = {isa = PBXFileReference; lastKnownFileType = folder.assetcatalog; path = Images.xcassets; sourceTree = "<group>"; };
		CA0191DF1AF883CB0084142C /* Base */ = {isa = PBXFileReference; lastKnownFileType = file.xib; name = Base; path = Base.lproj/LaunchScreen.xib; sourceTree = "<group>"; };
		CA0191E51AF883CB0084142C /* ConstraintsSampleTests.xctest */ = {isa = PBXFileReference; explicitFileType = wrapper.cfbundle; includeInIndex = 0; path = ConstraintsSampleTests.xctest; sourceTree = BUILT_PRODUCTS_DIR; };
		CA0191EA1AF883CB0084142C /* Info.plist */ = {isa = PBXFileReference; lastKnownFileType = text.plist.xml; path = Info.plist; sourceTree = "<group>"; };
		CA0191EB1AF883CB0084142C /* ConstraintsSampleTests.swift */ = {isa = PBXFileReference; lastKnownFileType = sourcecode.swift; path = ConstraintsSampleTests.swift; sourceTree = "<group>"; };
/* End PBXFileReference section */

/* Begin PBXFrameworksBuildPhase section */
		CA0191CD1AF883CB0084142C /* Frameworks */ = {
			isa = PBXFrameworksBuildPhase;
			buildActionMask = 2147483647;
			files = (
			);
			runOnlyForDeploymentPostprocessing = 0;
		};
		CA0191E21AF883CB0084142C /* Frameworks */ = {
			isa = PBXFrameworksBuildPhase;
			buildActionMask = 2147483647;
			files = (
			);
			runOnlyForDeploymentPostprocessing = 0;
		};
/* End PBXFrameworksBuildPhase section */

/* Begin PBXGroup section */
		CA0191C71AF883CB0084142C = {
			isa = PBXGroup;
			children = (
				CA0191D21AF883CB0084142C /* ConstraintsSample */,
				CA0191E81AF883CB0084142C /* ConstraintsSampleTests */,
				CA0191D11AF883CB0084142C /* Products */,
			);
			sourceTree = "<group>";
		};
		CA0191D11AF883CB0084142C /* Products */ = {
			isa = PBXGroup;
			children = (
				CA0191D01AF883CB0084142C /* ConstraintsSample.app */,
				CA0191E51AF883CB0084142C /* ConstraintsSampleTests.xctest */,
			);
			name = Products;
			sourceTree = "<group>";
		};
		CA0191D21AF883CB0084142C /* ConstraintsSample */ = {
			isa = PBXGroup;
			children = (
				CA0191D51AF883CB0084142C /* AppDelegate.swift */,
				CA0191D71AF883CB0084142C /* ViewController.swift */,
				CA0191D91AF883CB0084142C /* Main.storyboard */,
				CA0191DC1AF883CB0084142C /* Images.xcassets */,
				CA0191DE1AF883CB0084142C /* LaunchScreen.xib */,
				CA0191D31AF883CB0084142C /* Supporting Files */,
			);
			path = ConstraintsSample;
			sourceTree = "<group>";
		};
		CA0191D31AF883CB0084142C /* Supporting Files */ = {
			isa = PBXGroup;
			children = (
				CA0191D41AF883CB0084142C /* Info.plist */,
			);
			name = "Supporting Files";
			sourceTree = "<group>";
		};
		CA0191E81AF883CB0084142C /* ConstraintsSampleTests */ = {
			isa = PBXGroup;
			children = (
				CA0191EB1AF883CB0084142C /* ConstraintsSampleTests.swift */,
				CA0191E91AF883CB0084142C /* Supporting Files */,
			);
			path = ConstraintsSampleTests;
			sourceTree = "<group>";
		};
		CA0191E91AF883CB0084142C /* Supporting Files */ = {
			isa = PBXGroup;
			children = (
				CA0191EA1AF883CB0084142C /* Info.plist */,
			);
			name = "Supporting Files";
			sourceTree = "<group>";
		};
/* End PBXGroup section */

/* Begin PBXNativeTarget section */
		CA0191CF1AF883CB0084142C /* ConstraintsSample */ = {
			isa = PBXNativeTarget;
			buildConfigurationList = CA0191EF1AF883CB0084142C /* Build configuration list for PBXNativeTarget "ConstraintsSample" */;
			buildPhases = (
				CA0191CC1AF883CB0084142C /* Sources */,
				CA0191CD1AF883CB0084142C /* Frameworks */,
				CA0191CE1AF883CB0084142C /* Resources */,
			);
			buildRules = (
			);
			dependencies = (
			);
			name = ConstraintsSample;
			productName = ConstraintsSample;
			productReference = CA0191D01AF883CB0084142C /* ConstraintsSample.app */;
			productType = "com.apple.product-type.application";
		};
		CA0191E41AF883CB0084142C /* ConstraintsSampleTests */ = {
			isa = PBXNativeTarget;
			buildConfigurationList = CA0191F21AF883CB0084142C /* Build configuration list for PBXNativeTarget "ConstraintsSampleTests" */;
			buildPhases = (
				CA0191E11AF883CB0084142C /* Sources */,
				CA0191E21AF883CB0084142C /* Frameworks */,
				CA0191E31AF883CB0084142C /* Resources */,
			);
			buildRules = (
			);
			dependencies = (
				CA0191E71AF883CB0084142C /* PBXTargetDependency */,
			);
			name = ConstraintsSampleTests;
			productName = ConstraintsSampleTests;
			productReference = CA0191E51AF883CB0084142C /* ConstraintsSampleTests.xctest */;
			productType = "com.apple.product-type.bundle.unit-test";
		};
/* End PBXNativeTarget section */

/* Begin PBXProject section */
		CA0191C81AF883CB0084142C /* Project object */ = {
			isa = PBXProject;
			attributes = {
				LastUpgradeCheck = 0630;
				ORGANIZATIONNAME = "Roger Yee";
				TargetAttributes = {
					CA0191CF1AF883CB0084142C = {
						CreatedOnToolsVersion = 6.3;
					};
					CA0191E41AF883CB0084142C = {
						CreatedOnToolsVersion = 6.3;
						TestTargetID = CA0191CF1AF883CB0084142C;
					};
				};
			};
			buildConfigurationList = CA0191CB1AF883CB0084142C /* Build configuration list for PBXProject "ConstraintsSample" */;
			compatibilityVersion = "Xcode 3.2";
			developmentRegion = English;
			hasScannedForEncodings = 0;
			knownRegions = (
				en,
				Base,
			);
			mainGroup = CA0191C71AF883CB0084142C;
			productRefGroup = CA0191D11AF883CB0084142C /* Products */;
			projectDirPath = "";
			projectRoot = "";
			targets = (
				CA0191CF1AF883CB0084142C /* ConstraintsSample */,
				CA0191E41AF883CB0084142C /* ConstraintsSampleTests */,
			);
		};
/* End PBXProject section */

/* Begin PBXResourcesBuildPhase section */
		CA0191CE1AF883CB0084142C /* Resources */ = {
			isa = PBXResourcesBuildPhase;
			buildActionMask = 2147483647;
			files = (
				CA0191DB1AF883CB0084142C /* Main.storyboard in Resources */,
				CA0191E01AF883CB0084142C /* LaunchScreen.xib in Resources */,
				CA0191DD1AF883CB0084142C /* Images.xcassets in Resources */,
			);
			runOnlyForDeploymentPostprocessing = 0;
		};
		CA0191E31AF883CB0084142C /* Resources */ = {
			isa = PBXResourcesBuildPhase;
			buildActionMask = 2147483647;
			files = (
			);
			runOnlyForDeploymentPostprocessing = 0;
		};
/* End PBXResourcesBuildPhase section */

/* Begin PBXSourcesBuildPhase section */
		CA0191CC1AF883CB0084142C /* Sources */ = {
			isa = PBXSourcesBuildPhase;
			buildActionMask = 2147483647;
			files = (
				CA0191D81AF883CB0084142C /* ViewController.swift in Sources */,
				CA0191D61AF883CB0084142C /* AppDelegate.swift in Sources */,
			);
			runOnlyForDeploymentPostprocessing = 0;
		};
		CA0191E11AF883CB0084142C /* Sources */ = {
			isa = PBXSourcesBuildPhase;
			buildActionMask = 2147483647;
			files = (
				CA0191EC1AF883CB0084142C /* ConstraintsSampleTests.swift in Sources */,
			);
			runOnlyForDeploymentPostprocessing = 0;
		};
/* End PBXSourcesBuildPhase section */

/* Begin PBXTargetDependency section */
		CA0191E71AF883CB0084142C /* PBXTargetDependency */ = {
			isa = PBXTargetDependency;
			target = CA0191CF1AF883CB0084142C /* ConstraintsSample */;
			targetProxy = CA0191E61AF883CB0084142C /* PBXContainerItemProxy */;
		};
/* End PBXTargetDependency section */

/* Begin PBXVariantGroup section */
		CA0191D91AF883CB0084142C /* Main.storyboard */ = {
			isa = PBXVariantGroup;
			children = (
				CA0191DA1AF883CB0084142C /* Base */,
			);
			name = Main.storyboard;
			sourceTree = "<group>";
		};
		CA0191DE1AF883CB0084142C /* LaunchScreen.xib */ = {
			isa = PBXVariantGroup;
			children = (
				CA0191DF1AF883CB0084142C /* Base */,
			);
			name = LaunchScreen.xib;
			sourceTree = "<group>";
		};
/* End PBXVariantGroup section */

/* Begin XCBuildConfiguration section */
		CA0191ED1AF883CB0084142C /* Debug */ = {
			isa = XCBuildConfiguration;
			buildSettings = {
				ALWAYS_SEARCH_USER_PATHS = NO;
				CLANG_CXX_LANGUAGE_STANDARD = "gnu++0x";
				CLANG_CXX_LIBRARY = "libc++";
				CLANG_ENABLE_MODULES = YES;
				CLANG_ENABLE_OBJC_ARC = YES;
				CLANG_WARN_BOOL_CONVERSION = YES;
				CLANG_WARN_CONSTANT_CONVERSION = YES;
				CLANG_WARN_DIRECT_OBJC_ISA_USAGE = YES_ERROR;
				CLANG_WARN_EMPTY_BODY = YES;
				CLANG_WARN_ENUM_CONVERSION = YES;
				CLANG_WARN_INT_CONVERSION = YES;
				CLANG_WARN_OBJC_ROOT_CLASS = YES_ERROR;
				CLANG_WARN_UNREACHABLE_CODE = YES;
				CLANG_WARN__DUPLICATE_METHOD_MATCH = YES;
				"CODE_SIGN_IDENTITY[sdk=iphoneos*]" = "iPhone Developer";
				COPY_PHASE_STRIP = NO;
				DEBUG_INFORMATION_FORMAT = "dwarf-with-dsym";
				ENABLE_STRICT_OBJC_MSGSEND = YES;
				GCC_C_LANGUAGE_STANDARD = gnu99;
				GCC_DYNAMIC_NO_PIC = NO;
				GCC_NO_COMMON_BLOCKS = YES;
				GCC_OPTIMIZATION_LEVEL = 0;
				GCC_PREPROCESSOR_DEFINITIONS = (
					"DEBUG=1",
					"$(inherited)",
				);
				GCC_SYMBOLS_PRIVATE_EXTERN = NO;
				GCC_WARN_64_TO_32_BIT_CONVERSION = YES;
				GCC_WARN_ABOUT_RETURN_TYPE = YES_ERROR;
				GCC_WARN_UNDECLARED_SELECTOR = YES;
				GCC_WARN_UNINITIALIZED_AUTOS = YES_AGGRESSIVE;
				GCC_WARN_UNUSED_FUNCTION = YES;
				GCC_WARN_UNUSED_VARIABLE = YES;
				IPHONEOS_DEPLOYMENT_TARGET = 8.3;
				MTL_ENABLE_DEBUG_INFO = YES;
				ONLY_ACTIVE_ARCH = YES;
				SDKROOT = iphoneos;
				SWIFT_OPTIMIZATION_LEVEL = "-Onone";
			};
			name = Debug;
		};
		CA0191EE1AF883CB0084142C /* Release */ = {
			isa = XCBuildConfiguration;
			buildSettings = {
				ALWAYS_SEARCH_USER_PATHS = NO;
				CLANG_CXX_LANGUAGE_STANDARD = "gnu++0x";
				CLANG_CXX_LIBRARY = "libc++";
				CLANG_ENABLE_MODULES = YES;
				CLANG_ENABLE_OBJC_ARC = YES;
				CLANG_WARN_BOOL_CONVERSION = YES;
				CLANG_WARN_CONSTANT_CONVERSION = YES;
				CLANG_WARN_DIRECT_OBJC_ISA_USAGE = YES_ERROR;
				CLANG_WARN_EMPTY_BODY = YES;
				CLANG_WARN_ENUM_CONVERSION = YES;
				CLANG_WARN_INT_CONVERSION = YES;
				CLANG_WARN_OBJC_ROOT_CLASS = YES_ERROR;
				CLANG_WARN_UNREACHABLE_CODE = YES;
				CLANG_WARN__DUPLICATE_METHOD_MATCH = YES;
				"CODE_SIGN_IDENTITY[sdk=iphoneos*]" = "iPhone Developer";
				COPY_PHASE_STRIP = NO;
				DEBUG_INFORMATION_FORMAT = "dwarf-with-dsym";
				ENABLE_NS_ASSERTIONS = NO;
				ENABLE_STRICT_OBJC_MSGSEND = YES;
				GCC_C_LANGUAGE_STANDARD = gnu99;
				GCC_NO_COMMON_BLOCKS = YES;
				GCC_WARN_64_TO_32_BIT_CONVERSION = YES;
				GCC_WARN_ABOUT_RETURN_TYPE = YES_ERROR;
				GCC_WARN_UNDECLARED_SELECTOR = YES;
				GCC_WARN_UNINITIALIZED_AUTOS = YES_AGGRESSIVE;
				GCC_WARN_UNUSED_FUNCTION = YES;
				GCC_WARN_UNUSED_VARIABLE = YES;
				IPHONEOS_DEPLOYMENT_TARGET = 8.3;
				MTL_ENABLE_DEBUG_INFO = NO;
				SDKROOT = iphoneos;
				VALIDATE_PRODUCT = YES;
			};
			name = Release;
		};
		CA0191F01AF883CB0084142C /* Debug */ = {
			isa = XCBuildConfiguration;
			buildSettings = {
				ASSETCATALOG_COMPILER_APPICON_NAME = AppIcon;
				INFOPLIST_FILE = ConstraintsSample/Info.plist;
				LD_RUNPATH_SEARCH_PATHS = "$(inherited) @executable_path/Frameworks";
				PRODUCT_NAME = "$(TARGET_NAME)";
			};
			name = Debug;
		};
		CA0191F11AF883CB0084142C /* Release */ = {
			isa = XCBuildConfiguration;
			buildSettings = {
				ASSETCATALOG_COMPILER_APPICON_NAME = AppIcon;
				INFOPLIST_FILE = ConstraintsSample/Info.plist;
				LD_RUNPATH_SEARCH_PATHS = "$(inherited) @executable_path/Frameworks";
				PRODUCT_NAME = "$(TARGET_NAME)";
			};
			name = Release;
		};
		CA0191F31AF883CB0084142C /* Debug */ = {
			isa = XCBuildConfiguration;
			buildSettings = {
				BUNDLE_LOADER = "$(TEST_HOST)";
				FRAMEWORK_SEARCH_PATHS = (
					"$(SDKROOT)/Developer/Library/Frameworks",
					"$(inherited)",
				);
				GCC_PREPROCESSOR_DEFINITIONS = (
					"DEBUG=1",
					"$(inherited)",
				);
				INFOPLIST_FILE = ConstraintsSampleTests/Info.plist;
				LD_RUNPATH_SEARCH_PATHS = "$(inherited) @executable_path/Frameworks @loader_path/Frameworks";
				PRODUCT_NAME = "$(TARGET_NAME)";
				TEST_HOST = "$(BUILT_PRODUCTS_DIR)/ConstraintsSample.app/ConstraintsSample";
			};
			name = Debug;
		};
		CA0191F41AF883CB0084142C /* Release */ = {
			isa = XCBuildConfiguration;
			buildSettings = {
				BUNDLE_LOADER = "$(TEST_HOST)";
				FRAMEWORK_SEARCH_PATHS = (
					"$(SDKROOT)/Developer/Library/Frameworks",
					"$(inherited)",
				);
				INFOPLIST_FILE = ConstraintsSampleTests/Info.plist;
				LD_RUNPATH_SEARCH_PATHS = "$(inherited) @executable_path/Frameworks @loader_path/Frameworks";
				PRODUCT_NAME = "$(TARGET_NAME)";
				TEST_HOST = "$(BUILT_PRODUCTS_DIR)/ConstraintsSample.app/ConstraintsSample";
			};
			name = Release;
		};
/* End XCBuildConfiguration section */

/* Begin XCConfigurationList section */
		CA0191CB1AF883CB0084142C /* Build configuration list for PBXProject "ConstraintsSample" */ = {
			isa = XCConfigurationList;
			buildConfigurations = (
				CA0191ED1AF883CB0084142C /* Debug */,
				CA0191EE1AF883CB0084142C /* Release */,
			);
			defaultConfigurationIsVisible = 0;
			defaultConfigurationName = Release;
		};
		CA0191EF1AF883CB0084142C /* Build configuration list for PBXNativeTarget "ConstraintsSample" */ = {
			isa = XCConfigurationList;
			buildConfigurations = (
				CA0191F01AF883CB0084142C /* Debug */,
				CA0191F11AF883CB0084142C /* Release */,
			);
			defaultConfigurationIsVisible = 0;
		};
		CA0191F21AF883CB0084142C /* Build configuration list for PBXNativeTarget "ConstraintsSampleTests" */ = {
			isa = XCConfigurationList;
			buildConfigurations = (
				CA0191F31AF883CB0084142C /* Debug */,
				CA0191F41AF883CB0084142C /* Release */,
			);
			defaultConfigurationIsVisible = 0;
		};
/* End XCConfigurationList section */
	};
	rootObject = CA0191C81AF883CB0084142C /* Project object */;
}
