// !$*UTF8*$!
{
	archiveVersion = 1;
	classes = {
	};
	objectVersion = 46;
	objects = {

/* Begin PBXBuildFile section */
		CA535D671AEE0D600006C331 /* AppDelegate.swift in Sources */ = {isa = PBXBuildFile; fileRef = CA535D661AEE0D600006C331 /* AppDelegate.swift */; };
		CA535D691AEE0D600006C331 /* ViewController.swift in Sources */ = {isa = PBXBuildFile; fileRef = CA535D681AEE0D600006C331 /* ViewController.swift */; };
		CA535D6C1AEE0D600006C331 /* Main.storyboard in Resources */ = {isa = PBXBuildFile; fileRef = CA535D6A1AEE0D600006C331 /* Main.storyboard */; };
		CA535D6E1AEE0D600006C331 /* Images.xcassets in Resources */ = {isa = PBXBuildFile; fileRef = CA535D6D1AEE0D600006C331 /* Images.xcassets */; };
		CA535D711AEE0D600006C331 /* LaunchScreen.xib in Resources */ = {isa = PBXBuildFile; fileRef = CA535D6F1AEE0D600006C331 /* LaunchScreen.xib */; };
		CA535D7D1AEE0D600006C331 /* UIWebViewSampleTests.swift in Sources */ = {isa = PBXBuildFile; fileRef = CA535D7C1AEE0D600006C331 /* UIWebViewSampleTests.swift */; };
/* End PBXBuildFile section */

/* Begin PBXContainerItemProxy section */
		CA535D771AEE0D600006C331 /* PBXContainerItemProxy */ = {
			isa = PBXContainerItemProxy;
			containerPortal = CA535D591AEE0D600006C331 /* Project object */;
			proxyType = 1;
			remoteGlobalIDString = CA535D601AEE0D600006C331;
			remoteInfo = UIWebViewSample;
		};
/* End PBXContainerItemProxy section */

/* Begin PBXFileReference section */
		CA535D611AEE0D600006C331 /* UIWebViewSample.app */ = {isa = PBXFileReference; explicitFileType = wrapper.application; includeInIndex = 0; path = UIWebViewSample.app; sourceTree = BUILT_PRODUCTS_DIR; };
		CA535D651AEE0D600006C331 /* Info.plist */ = {isa = PBXFileReference; lastKnownFileType = text.plist.xml; path = Info.plist; sourceTree = "<group>"; };
		CA535D661AEE0D600006C331 /* AppDelegate.swift */ = {isa = PBXFileReference; lastKnownFileType = sourcecode.swift; path = AppDelegate.swift; sourceTree = "<group>"; };
		CA535D681AEE0D600006C331 /* ViewController.swift */ = {isa = PBXFileReference; lastKnownFileType = sourcecode.swift; path = ViewController.swift; sourceTree = "<group>"; };
		CA535D6B1AEE0D600006C331 /* Base */ = {isa = PBXFileReference; lastKnownFileType = file.storyboard; name = Base; path = Base.lproj/Main.storyboard; sourceTree = "<group>"; };
		CA535D6D1AEE0D600006C331 /* Images.xcassets */ = {isa = PBXFileReference; lastKnownFileType = folder.assetcatalog; path = Images.xcassets; sourceTree = "<group>"; };
		CA535D701AEE0D600006C331 /* Base */ = {isa = PBXFileReference; lastKnownFileType = file.xib; name = Base; path = Base.lproj/LaunchScreen.xib; sourceTree = "<group>"; };
		CA535D761AEE0D600006C331 /* UIWebViewSampleTests.xctest */ = {isa = PBXFileReference; explicitFileType = wrapper.cfbundle; includeInIndex = 0; path = UIWebViewSampleTests.xctest; sourceTree = BUILT_PRODUCTS_DIR; };
		CA535D7B1AEE0D600006C331 /* Info.plist */ = {isa = PBXFileReference; lastKnownFileType = text.plist.xml; path = Info.plist; sourceTree = "<group>"; };
		CA535D7C1AEE0D600006C331 /* UIWebViewSampleTests.swift */ = {isa = PBXFileReference; lastKnownFileType = sourcecode.swift; path = UIWebViewSampleTests.swift; sourceTree = "<group>"; };
/* End PBXFileReference section */

/* Begin PBXFrameworksBuildPhase section */
		CA535D5E1AEE0D600006C331 /* Frameworks */ = {
			isa = PBXFrameworksBuildPhase;
			buildActionMask = 2147483647;
			files = (
			);
			runOnlyForDeploymentPostprocessing = 0;
		};
		CA535D731AEE0D600006C331 /* Frameworks */ = {
			isa = PBXFrameworksBuildPhase;
			buildActionMask = 2147483647;
			files = (
			);
			runOnlyForDeploymentPostprocessing = 0;
		};
/* End PBXFrameworksBuildPhase section */

/* Begin PBXGroup section */
		CA535D581AEE0D600006C331 = {
			isa = PBXGroup;
			children = (
				CA535D631AEE0D600006C331 /* UIWebViewSample */,
				CA535D791AEE0D600006C331 /* UIWebViewSampleTests */,
				CA535D621AEE0D600006C331 /* Products */,
			);
			sourceTree = "<group>";
		};
		CA535D621AEE0D600006C331 /* Products */ = {
			isa = PBXGroup;
			children = (
				CA535D611AEE0D600006C331 /* UIWebViewSample.app */,
				CA535D761AEE0D600006C331 /* UIWebViewSampleTests.xctest */,
			);
			name = Products;
			sourceTree = "<group>";
		};
		CA535D631AEE0D600006C331 /* UIWebViewSample */ = {
			isa = PBXGroup;
			children = (
				CA535D661AEE0D600006C331 /* AppDelegate.swift */,
				CA535D681AEE0D600006C331 /* ViewController.swift */,
				CA535D6A1AEE0D600006C331 /* Main.storyboard */,
				CA535D6D1AEE0D600006C331 /* Images.xcassets */,
				CA535D6F1AEE0D600006C331 /* LaunchScreen.xib */,
				CA535D641AEE0D600006C331 /* Supporting Files */,
			);
			path = UIWebViewSample;
			sourceTree = "<group>";
		};
		CA535D641AEE0D600006C331 /* Supporting Files */ = {
			isa = PBXGroup;
			children = (
				CA535D651AEE0D600006C331 /* Info.plist */,
			);
			name = "Supporting Files";
			sourceTree = "<group>";
		};
		CA535D791AEE0D600006C331 /* UIWebViewSampleTests */ = {
			isa = PBXGroup;
			children = (
				CA535D7C1AEE0D600006C331 /* UIWebViewSampleTests.swift */,
				CA535D7A1AEE0D600006C331 /* Supporting Files */,
			);
			path = UIWebViewSampleTests;
			sourceTree = "<group>";
		};
		CA535D7A1AEE0D600006C331 /* Supporting Files */ = {
			isa = PBXGroup;
			children = (
				CA535D7B1AEE0D600006C331 /* Info.plist */,
			);
			name = "Supporting Files";
			sourceTree = "<group>";
		};
/* End PBXGroup section */

/* Begin PBXNativeTarget section */
		CA535D601AEE0D600006C331 /* UIWebViewSample */ = {
			isa = PBXNativeTarget;
			buildConfigurationList = CA535D801AEE0D600006C331 /* Build configuration list for PBXNativeTarget "UIWebViewSample" */;
			buildPhases = (
				CA535D5D1AEE0D600006C331 /* Sources */,
				CA535D5E1AEE0D600006C331 /* Frameworks */,
				CA535D5F1AEE0D600006C331 /* Resources */,
			);
			buildRules = (
			);
			dependencies = (
			);
			name = UIWebViewSample;
			productName = UIWebViewSample;
			productReference = CA535D611AEE0D600006C331 /* UIWebViewSample.app */;
			productType = "com.apple.product-type.application";
		};
		CA535D751AEE0D600006C331 /* UIWebViewSampleTests */ = {
			isa = PBXNativeTarget;
			buildConfigurationList = CA535D831AEE0D600006C331 /* Build configuration list for PBXNativeTarget "UIWebViewSampleTests" */;
			buildPhases = (
				CA535D721AEE0D600006C331 /* Sources */,
				CA535D731AEE0D600006C331 /* Frameworks */,
				CA535D741AEE0D600006C331 /* Resources */,
			);
			buildRules = (
			);
			dependencies = (
				CA535D781AEE0D600006C331 /* PBXTargetDependency */,
			);
			name = UIWebViewSampleTests;
			productName = UIWebViewSampleTests;
			productReference = CA535D761AEE0D600006C331 /* UIWebViewSampleTests.xctest */;
			productType = "com.apple.product-type.bundle.unit-test";
		};
/* End PBXNativeTarget section */

/* Begin PBXProject section */
		CA535D591AEE0D600006C331 /* Project object */ = {
			isa = PBXProject;
			attributes = {
				LastUpgradeCheck = 0630;
				ORGANIZATIONNAME = "Roger Yee";
				TargetAttributes = {
					CA535D601AEE0D600006C331 = {
						CreatedOnToolsVersion = 6.3;
					};
					CA535D751AEE0D600006C331 = {
						CreatedOnToolsVersion = 6.3;
						TestTargetID = CA535D601AEE0D600006C331;
					};
				};
			};
			buildConfigurationList = CA535D5C1AEE0D600006C331 /* Build configuration list for PBXProject "UIWebViewSample" */;
			compatibilityVersion = "Xcode 3.2";
			developmentRegion = English;
			hasScannedForEncodings = 0;
			knownRegions = (
				en,
				Base,
			);
			mainGroup = CA535D581AEE0D600006C331;
			productRefGroup = CA535D621AEE0D600006C331 /* Products */;
			projectDirPath = "";
			projectRoot = "";
			targets = (
				CA535D601AEE0D600006C331 /* UIWebViewSample */,
				CA535D751AEE0D600006C331 /* UIWebViewSampleTests */,
			);
		};
/* End PBXProject section */

/* Begin PBXResourcesBuildPhase section */
		CA535D5F1AEE0D600006C331 /* Resources */ = {
			isa = PBXResourcesBuildPhase;
			buildActionMask = 2147483647;
			files = (
				CA535D6C1AEE0D600006C331 /* Main.storyboard in Resources */,
				CA535D711AEE0D600006C331 /* LaunchScreen.xib in Resources */,
				CA535D6E1AEE0D600006C331 /* Images.xcassets in Resources */,
			);
			runOnlyForDeploymentPostprocessing = 0;
		};
		CA535D741AEE0D600006C331 /* Resources */ = {
			isa = PBXResourcesBuildPhase;
			buildActionMask = 2147483647;
			files = (
			);
			runOnlyForDeploymentPostprocessing = 0;
		};
/* End PBXResourcesBuildPhase section */

/* Begin PBXSourcesBuildPhase section */
		CA535D5D1AEE0D600006C331 /* Sources */ = {
			isa = PBXSourcesBuildPhase;
			buildActionMask = 2147483647;
			files = (
				CA535D691AEE0D600006C331 /* ViewController.swift in Sources */,
				CA535D671AEE0D600006C331 /* AppDelegate.swift in Sources */,
			);
			runOnlyForDeploymentPostprocessing = 0;
		};
		CA535D721AEE0D600006C331 /* Sources */ = {
			isa = PBXSourcesBuildPhase;
			buildActionMask = 2147483647;
			files = (
				CA535D7D1AEE0D600006C331 /* UIWebViewSampleTests.swift in Sources */,
			);
			runOnlyForDeploymentPostprocessing = 0;
		};
/* End PBXSourcesBuildPhase section */

/* Begin PBXTargetDependency section */
		CA535D781AEE0D600006C331 /* PBXTargetDependency */ = {
			isa = PBXTargetDependency;
			target = CA535D601AEE0D600006C331 /* UIWebViewSample */;
			targetProxy = CA535D771AEE0D600006C331 /* PBXContainerItemProxy */;
		};
/* End PBXTargetDependency section */

/* Begin PBXVariantGroup section */
		CA535D6A1AEE0D600006C331 /* Main.storyboard */ = {
			isa = PBXVariantGroup;
			children = (
				CA535D6B1AEE0D600006C331 /* Base */,
			);
			name = Main.storyboard;
			sourceTree = "<group>";
		};
		CA535D6F1AEE0D600006C331 /* LaunchScreen.xib */ = {
			isa = PBXVariantGroup;
			children = (
				CA535D701AEE0D600006C331 /* Base */,
			);
			name = LaunchScreen.xib;
			sourceTree = "<group>";
		};
/* End PBXVariantGroup section */

/* Begin XCBuildConfiguration section */
		CA535D7E1AEE0D600006C331 /* Debug */ = {
			isa = XCBuildConfiguration;
			buildSettings = {
				ALWAYS_SEARCH_USER_PATHS = NO;
				CLANG_CXX_LANGUAGE_STANDARD = "gnu++0x";
				CLANG_CXX_LIBRARY = "libc++";
				CLANG_ENABLE_MODULES = YES;
				CLANG_ENABLE_OBJC_ARC = YES;
				CLANG_WARN_BOOL_CONVERSION = YES;
				CLANG_WARN_CONSTANT_CONVERSION = YES;
				CLANG_WARN_DIRECT_OBJC_ISA_USAGE = YES_ERROR;
				CLANG_WARN_EMPTY_BODY = YES;
				CLANG_WARN_ENUM_CONVERSION = YES;
				CLANG_WARN_INT_CONVERSION = YES;
				CLANG_WARN_OBJC_ROOT_CLASS = YES_ERROR;
				CLANG_WARN_UNREACHABLE_CODE = YES;
				CLANG_WARN__DUPLICATE_METHOD_MATCH = YES;
				"CODE_SIGN_IDENTITY[sdk=iphoneos*]" = "iPhone Developer";
				COPY_PHASE_STRIP = NO;
				DEBUG_INFORMATION_FORMAT = "dwarf-with-dsym";
				ENABLE_STRICT_OBJC_MSGSEND = YES;
				GCC_C_LANGUAGE_STANDARD = gnu99;
				GCC_DYNAMIC_NO_PIC = NO;
				GCC_NO_COMMON_BLOCKS = YES;
				GCC_OPTIMIZATION_LEVEL = 0;
				GCC_PREPROCESSOR_DEFINITIONS = (
					"DEBUG=1",
					"$(inherited)",
				);
				GCC_SYMBOLS_PRIVATE_EXTERN = NO;
				GCC_WARN_64_TO_32_BIT_CONVERSION = YES;
				GCC_WARN_ABOUT_RETURN_TYPE = YES_ERROR;
				GCC_WARN_UNDECLARED_SELECTOR = YES;
				GCC_WARN_UNINITIALIZED_AUTOS = YES_AGGRESSIVE;
				GCC_WARN_UNUSED_FUNCTION = YES;
				GCC_WARN_UNUSED_VARIABLE = YES;
				IPHONEOS_DEPLOYMENT_TARGET = 8.3;
				MTL_ENABLE_DEBUG_INFO = YES;
				ONLY_ACTIVE_ARCH = YES;
				SDKROOT = iphoneos;
				SWIFT_OPTIMIZATION_LEVEL = "-Onone";
				TARGETED_DEVICE_FAMILY = "1,2";
			};
			name = Debug;
		};
		CA535D7F1AEE0D600006C331 /* Release */ = {
			isa = XCBuildConfiguration;
			buildSettings = {
				ALWAYS_SEARCH_USER_PATHS = NO;
				CLANG_CXX_LANGUAGE_STANDARD = "gnu++0x";
				CLANG_CXX_LIBRARY = "libc++";
				CLANG_ENABLE_MODULES = YES;
				CLANG_ENABLE_OBJC_ARC = YES;
				CLANG_WARN_BOOL_CONVERSION = YES;
				CLANG_WARN_CONSTANT_CONVERSION = YES;
				CLANG_WARN_DIRECT_OBJC_ISA_USAGE = YES_ERROR;
				CLANG_WARN_EMPTY_BODY = YES;
				CLANG_WARN_ENUM_CONVERSION = YES;
				CLANG_WARN_INT_CONVERSION = YES;
				CLANG_WARN_OBJC_ROOT_CLASS = YES_ERROR;
				CLANG_WARN_UNREACHABLE_CODE = YES;
				CLANG_WARN__DUPLICATE_METHOD_MATCH = YES;
				"CODE_SIGN_IDENTITY[sdk=iphoneos*]" = "iPhone Developer";
				COPY_PHASE_STRIP = NO;
				DEBUG_INFORMATION_FORMAT = "dwarf-with-dsym";
				ENABLE_NS_ASSERTIONS = NO;
				ENABLE_STRICT_OBJC_MSGSEND = YES;
				GCC_C_LANGUAGE_STANDARD = gnu99;
				GCC_NO_COMMON_BLOCKS = YES;
				GCC_WARN_64_TO_32_BIT_CONVERSION = YES;
				GCC_WARN_ABOUT_RETURN_TYPE = YES_ERROR;
				GCC_WARN_UNDECLARED_SELECTOR = YES;
				GCC_WARN_UNINITIALIZED_AUTOS = YES_AGGRESSIVE;
				GCC_WARN_UNUSED_FUNCTION = YES;
				GCC_WARN_UNUSED_VARIABLE = YES;
				IPHONEOS_DEPLOYMENT_TARGET = 8.3;
				MTL_ENABLE_DEBUG_INFO = NO;
				SDKROOT = iphoneos;
				TARGETED_DEVICE_FAMILY = "1,2";
				VALIDATE_PRODUCT = YES;
			};
			name = Release;
		};
		CA535D811AEE0D600006C331 /* Debug */ = {
			isa = XCBuildConfiguration;
			buildSettings = {
				ASSETCATALOG_COMPILER_APPICON_NAME = AppIcon;
				INFOPLIST_FILE = UIWebViewSample/Info.plist;
				LD_RUNPATH_SEARCH_PATHS = "$(inherited) @executable_path/Frameworks";
				PRODUCT_NAME = "$(TARGET_NAME)";
			};
			name = Debug;
		};
		CA535D821AEE0D600006C331 /* Release */ = {
			isa = XCBuildConfiguration;
			buildSettings = {
				ASSETCATALOG_COMPILER_APPICON_NAME = AppIcon;
				INFOPLIST_FILE = UIWebViewSample/Info.plist;
				LD_RUNPATH_SEARCH_PATHS = "$(inherited) @executable_path/Frameworks";
				PRODUCT_NAME = "$(TARGET_NAME)";
			};
			name = Release;
		};
		CA535D841AEE0D600006C331 /* Debug */ = {
			isa = XCBuildConfiguration;
			buildSettings = {
				BUNDLE_LOADER = "$(TEST_HOST)";
				FRAMEWORK_SEARCH_PATHS = (
					"$(SDKROOT)/Developer/Library/Frameworks",
					"$(inherited)",
				);
				GCC_PREPROCESSOR_DEFINITIONS = (
					"DEBUG=1",
					"$(inherited)",
				);
				INFOPLIST_FILE = UIWebViewSampleTests/Info.plist;
				LD_RUNPATH_SEARCH_PATHS = "$(inherited) @executable_path/Frameworks @loader_path/Frameworks";
				PRODUCT_NAME = "$(TARGET_NAME)";
				TEST_HOST = "$(BUILT_PRODUCTS_DIR)/UIWebViewSample.app/UIWebViewSample";
			};
			name = Debug;
		};
		CA535D851AEE0D600006C331 /* Release */ = {
			isa = XCBuildConfiguration;
			buildSettings = {
				BUNDLE_LOADER = "$(TEST_HOST)";
				FRAMEWORK_SEARCH_PATHS = (
					"$(SDKROOT)/Developer/Library/Frameworks",
					"$(inherited)",
				);
				INFOPLIST_FILE = UIWebViewSampleTests/Info.plist;
				LD_RUNPATH_SEARCH_PATHS = "$(inherited) @executable_path/Frameworks @loader_path/Frameworks";
				PRODUCT_NAME = "$(TARGET_NAME)";
				TEST_HOST = "$(BUILT_PRODUCTS_DIR)/UIWebViewSample.app/UIWebViewSample";
			};
			name = Release;
		};
/* End XCBuildConfiguration section */

/* Begin XCConfigurationList section */
		CA535D5C1AEE0D600006C331 /* Build configuration list for PBXProject "UIWebViewSample" */ = {
			isa = XCConfigurationList;
			buildConfigurations = (
				CA535D7E1AEE0D600006C331 /* Debug */,
				CA535D7F1AEE0D600006C331 /* Release */,
			);
			defaultConfigurationIsVisible = 0;
			defaultConfigurationName = Release;
		};
		CA535D801AEE0D600006C331 /* Build configuration list for PBXNativeTarget "UIWebViewSample" */ = {
			isa = XCConfigurationList;
			buildConfigurations = (
				CA535D811AEE0D600006C331 /* Debug */,
				CA535D821AEE0D600006C331 /* Release */,
			);
			defaultConfigurationIsVisible = 0;
		};
		CA535D831AEE0D600006C331 /* Build configuration list for PBXNativeTarget "UIWebViewSampleTests" */ = {
			isa = XCConfigurationList;
			buildConfigurations = (
				CA535D841AEE0D600006C331 /* Debug */,
				CA535D851AEE0D600006C331 /* Release */,
			);
			defaultConfigurationIsVisible = 0;
		};
/* End XCConfigurationList section */
	};
	rootObject = CA535D591AEE0D600006C331 /* Project object */;
}
